
Microsoft Visual Studio Solution File, Format Version 12.00
# Visual Studio Version 17
VisualStudioVersion = 17.2.32516.85
MinimumVisualStudioVersion = 10.0.40219.1
Project("{FAE04EC0-301F-11D3-BF4B-00C04F79EFBC}") = "Employees_API_Project", "Employees_API_Project.csproj", "{7E994C64-0BC1-492C-9488-9C9184FC4774}"
EndProject
Global
	GlobalSection(SolutionConfigurationPlatforms) = preSolution
		Debug|Any CPU = Debug|Any CPU
		Release|Any CPU = Release|Any CPU
	EndGlobalSection
	GlobalSection(ProjectConfigurationPlatforms) = postSolution
		{7E994C64-0BC1-492C-9488-9C9184FC4774}.Debug|Any CPU.ActiveCfg = Debug|Any CPU
		{7E994C64-0BC1-492C-9488-9C9184FC4774}.Debug|Any CPU.Build.0 = Debug|Any CPU
		{7E994C64-0BC1-492C-9488-9C9184FC4774}.Release|Any CPU.ActiveCfg = Release|Any CPU
		{7E994C64-0BC1-492C-9488-9C9184FC4774}.Release|Any CPU.Build.0 = Release|Any CPU
	EndGlobalSection
	GlobalSection(SolutionProperties) = preSolution
		HideSolutionNode = FALSE
	EndGlobalSection
	GlobalSection(ExtensibilityGlobals) = postSolution
		SolutionGuid = {6C1F03E4-7253-466D-927A-C2291F590557}
	EndGlobalSection
EndGlobal
